
Microsoft Visual Studio Solution File, Format Version 12.00
# Visual Studio Version 17
VisualStudioVersion = 17.5.33516.290
MinimumVisualStudioVersion = 10.0.40219.1
Project("{FAE04EC0-301F-11D3-BF4B-00C04F79EFBC}") = "WebApplication1", "WebApplication1\WebApplication1.csproj", "{97A713C3-DB19-47D5-9A31-4798102237F7}"
EndProject
Project("{2150E333-8FDC-42A3-9474-1A3956D46DE8}") = "方案項目", "方案項目", "{62F8FEB6-FE4C-44D4-8D5B-895FE14BE2E6}"
	ProjectSection(SolutionItems) = preProject
		WebApplication1\SQLQuery4.sql = WebApplication1\SQLQuery4.sql
	EndProjectSection
EndProject
Global
	GlobalSection(SolutionConfigurationPlatforms) = preSolution
		Debug|Any CPU = Debug|Any CPU
		Release|Any CPU = Release|Any CPU
	EndGlobalSection
	GlobalSection(ProjectConfigurationPlatforms) = postSolution
		{97A713C3-DB19-47D5-9A31-4798102237F7}.Debug|Any CPU.ActiveCfg = Debug|Any CPU
		{97A713C3-DB19-47D5-9A31-4798102237F7}.Debug|Any CPU.Build.0 = Debug|Any CPU
		{97A713C3-DB19-47D5-9A31-4798102237F7}.Release|Any CPU.ActiveCfg = Release|Any CPU
		{97A713C3-DB19-47D5-9A31-4798102237F7}.Release|Any CPU.Build.0 = Release|Any CPU
	EndGlobalSection
	GlobalSection(SolutionProperties) = preSolution
		HideSolutionNode = FALSE
	EndGlobalSection
	GlobalSection(ExtensibilityGlobals) = postSolution
		SolutionGuid = {A7ED9A3B-2220-4EDF-B535-012CDF5C20F4}
	EndGlobalSection
EndGlobal
